Microsoft Visual Studio Solution File, Format Version 12.00
# Visual Studio 2012
Project("{FAE04EC0-301F-11D3-BF4B-00C04F79EFBC}") = "Baseline", "Baseline.csproj", "{BDFA0C4E-CF91-473B-819F-080B6319713C}"
EndProject
Global
	GlobalSection(SolutionConfigurationPlatforms) = preSolution
	Debug|Any CPU = Debug|Any CPU
	ExportDebug|Any CPU = ExportDebug|Any CPU
	ExportRelease|Any CPU = ExportRelease|Any CPU
	EndGlobalSection
	GlobalSection(ProjectConfigurationPlatforms) = postSolution
		{BDFA0C4E-CF91-473B-819F-080B6319713C}.Debug|Any CPU.ActiveCfg = Debug|Any CPU
		{BDFA0C4E-CF91-473B-819F-080B6319713C}.Debug|Any CPU.Build.0 = Debug|Any CPU
		{BDFA0C4E-CF91-473B-819F-080B6319713C}.ExportDebug|Any CPU.ActiveCfg = ExportDebug|Any CPU
		{BDFA0C4E-CF91-473B-819F-080B6319713C}.ExportDebug|Any CPU.Build.0 = ExportDebug|Any CPU
		{BDFA0C4E-CF91-473B-819F-080B6319713C}.ExportRelease|Any CPU.ActiveCfg = ExportRelease|Any CPU
		{BDFA0C4E-CF91-473B-819F-080B6319713C}.ExportRelease|Any CPU.Build.0 = ExportRelease|Any CPU
	EndGlobalSection
EndGlobal
